
Microsoft Visual Studio Solution File, Format Version 12.00
# Visual Studio Version 17
VisualStudioVersion = 17.8.34112.27
MinimumVisualStudioVersion = 10.0.40219.1
Project("{2150E333-8FDC-42A3-9474-1A3956D46DE8}") = "src", "src", "{C3E56584-80FA-429D-B0C3-872AED237A06}"
EndProject
Project("{2150E333-8FDC-42A3-9474-1A3956D46DE8}") = "Core", "Core", "{9C593E5F-99DA-4CA5-B84D-A2FC0AA1E71A}"
EndProject
Project("{2150E333-8FDC-42A3-9474-1A3956D46DE8}") = "Shared", "Shared", "{28B5464C-53E0-4528-BF3A-D77848B663AF}"
EndProject
Project("{2150E333-8FDC-42A3-9474-1A3956D46DE8}") = "Infrastructure", "Infrastructure", "{940CF7B4-051C-4B6A-9016-65345D84CBD0}"
EndProject
Project("{2150E333-8FDC-42A3-9474-1A3956D46DE8}") = "Presentation", "Presentation", "{44311505-CC05-4B10-BD3F-F0962DA54752}"
EndProject
Project("{2150E333-8FDC-42A3-9474-1A3956D46DE8}") = "Server", "Server", "{E113FB8D-905D-445C-8260-3888775547EF}"
EndProject
Project("{2150E333-8FDC-42A3-9474-1A3956D46DE8}") = "Web", "Web", "{40E76DC3-40F1-4990-8CE5-2CEF983915BF}"
EndProject
Project("{2150E333-8FDC-42A3-9474-1A3956D46DE8}") = "Client", "Client", "{B9B74841-3983-4FBA-98AE-87545B08E665}"
EndProject
Project("{FAE04EC0-301F-11D3-BF4B-00C04F79EFBC}") = "Core.Domain", "Core.Domain\Core.Domain.csproj", "{FB77BC93-C455-41EA-9938-32BAC43F4345}"
EndProject
Project("{FAE04EC0-301F-11D3-BF4B-00C04F79EFBC}") = "BCL", "BCL\BCL.csproj", "{ADA4390A-493D-4316-98B9-95F6E11A2368}"
EndProject
Project("{FAE04EC0-301F-11D3-BF4B-00C04F79EFBC}") = "Core.Application", "Core.Application\Core.Application.csproj", "{CEE7367E-59FE-40FB-9EBC-5E4B06CF6418}"
EndProject
Project("{FAE04EC0-301F-11D3-BF4B-00C04F79EFBC}") = "Web.Server.Api", "Web.Server.Api\Web.Server.Api.csproj", "{8F265BAD-0330-442D-AC01-BB0632E3FE06}"
EndProject
Global
	GlobalSection(SolutionConfigurationPlatforms) = preSolution
		Debug|Any CPU = Debug|Any CPU
		Release|Any CPU = Release|Any CPU
	EndGlobalSection
	GlobalSection(ProjectConfigurationPlatforms) = postSolution
		{FB77BC93-C455-41EA-9938-32BAC43F4345}.Debug|Any CPU.ActiveCfg = Debug|Any CPU
		{FB77BC93-C455-41EA-9938-32BAC43F4345}.Debug|Any CPU.Build.0 = Debug|Any CPU
		{FB77BC93-C455-41EA-9938-32BAC43F4345}.Release|Any CPU.ActiveCfg = Release|Any CPU
		{FB77BC93-C455-41EA-9938-32BAC43F4345}.Release|Any CPU.Build.0 = Release|Any CPU
		{ADA4390A-493D-4316-98B9-95F6E11A2368}.Debug|Any CPU.ActiveCfg = Debug|Any CPU
		{ADA4390A-493D-4316-98B9-95F6E11A2368}.Debug|Any CPU.Build.0 = Debug|Any CPU
		{ADA4390A-493D-4316-98B9-95F6E11A2368}.Release|Any CPU.ActiveCfg = Release|Any CPU
		{ADA4390A-493D-4316-98B9-95F6E11A2368}.Release|Any CPU.Build.0 = Release|Any CPU
		{CEE7367E-59FE-40FB-9EBC-5E4B06CF6418}.Debug|Any CPU.ActiveCfg = Debug|Any CPU
		{CEE7367E-59FE-40FB-9EBC-5E4B06CF6418}.Debug|Any CPU.Build.0 = Debug|Any CPU
		{CEE7367E-59FE-40FB-9EBC-5E4B06CF6418}.Release|Any CPU.ActiveCfg = Release|Any CPU
		{CEE7367E-59FE-40FB-9EBC-5E4B06CF6418}.Release|Any CPU.Build.0 = Release|Any CPU
		{8F265BAD-0330-442D-AC01-BB0632E3FE06}.Debug|Any CPU.ActiveCfg = Debug|Any CPU
		{8F265BAD-0330-442D-AC01-BB0632E3FE06}.Debug|Any CPU.Build.0 = Debug|Any CPU
		{8F265BAD-0330-442D-AC01-BB0632E3FE06}.Release|Any CPU.ActiveCfg = Release|Any CPU
		{8F265BAD-0330-442D-AC01-BB0632E3FE06}.Release|Any CPU.Build.0 = Release|Any CPU
	EndGlobalSection
	GlobalSection(SolutionProperties) = preSolution
		HideSolutionNode = FALSE
	EndGlobalSection
	GlobalSection(NestedProjects) = preSolution
		{9C593E5F-99DA-4CA5-B84D-A2FC0AA1E71A} = {C3E56584-80FA-429D-B0C3-872AED237A06}
		{28B5464C-53E0-4528-BF3A-D77848B663AF} = {C3E56584-80FA-429D-B0C3-872AED237A06}
		{940CF7B4-051C-4B6A-9016-65345D84CBD0} = {C3E56584-80FA-429D-B0C3-872AED237A06}
		{44311505-CC05-4B10-BD3F-F0962DA54752} = {C3E56584-80FA-429D-B0C3-872AED237A06}
		{E113FB8D-905D-445C-8260-3888775547EF} = {40E76DC3-40F1-4990-8CE5-2CEF983915BF}
		{40E76DC3-40F1-4990-8CE5-2CEF983915BF} = {44311505-CC05-4B10-BD3F-F0962DA54752}
		{B9B74841-3983-4FBA-98AE-87545B08E665} = {40E76DC3-40F1-4990-8CE5-2CEF983915BF}
		{FB77BC93-C455-41EA-9938-32BAC43F4345} = {9C593E5F-99DA-4CA5-B84D-A2FC0AA1E71A}
		{ADA4390A-493D-4316-98B9-95F6E11A2368} = {28B5464C-53E0-4528-BF3A-D77848B663AF}
		{CEE7367E-59FE-40FB-9EBC-5E4B06CF6418} = {9C593E5F-99DA-4CA5-B84D-A2FC0AA1E71A}
		{8F265BAD-0330-442D-AC01-BB0632E3FE06} = {E113FB8D-905D-445C-8260-3888775547EF}
	EndGlobalSection
	GlobalSection(ExtensibilityGlobals) = postSolution
		SolutionGuid = {4FC4F012-AB9C-427C-94B4-6E1D744B1E93}
	EndGlobalSection
EndGlobal
